
Microsoft Visual Studio Solution File, Format Version 12.00
Project("{FAE04EC0-301F-11D3-BF4B-00C04F79EFBC}") = "EllinghamTech.SqlParser", "EllinghamTech.SqlParser\EllinghamTech.SqlParser.csproj", "{4DFB8D4D-9FF3-418A-B019-1B6EC9C5903D}"
EndProject
Project("{FAE04EC0-301F-11D3-BF4B-00C04F79EFBC}") = "Playground", "Playground\Playground.csproj", "{450692B6-0F39-4078-B2B9-298570B0EF9D}"
EndProject
Global
	GlobalSection(SolutionConfigurationPlatforms) = preSolution
		Debug|Any CPU = Debug|Any CPU
		Release|Any CPU = Release|Any CPU
	EndGlobalSection
	GlobalSection(ProjectConfigurationPlatforms) = postSolution
		{4DFB8D4D-9FF3-418A-B019-1B6EC9C5903D}.Debug|Any CPU.ActiveCfg = Debug|Any CPU
		{4DFB8D4D-9FF3-418A-B019-1B6EC9C5903D}.Debug|Any CPU.Build.0 = Debug|Any CPU
		{4DFB8D4D-9FF3-418A-B019-1B6EC9C5903D}.Release|Any CPU.ActiveCfg = Release|Any CPU
		{4DFB8D4D-9FF3-418A-B019-1B6EC9C5903D}.Release|Any CPU.Build.0 = Release|Any CPU
		{450692B6-0F39-4078-B2B9-298570B0EF9D}.Debug|Any CPU.ActiveCfg = Debug|Any CPU
		{450692B6-0F39-4078-B2B9-298570B0EF9D}.Debug|Any CPU.Build.0 = Debug|Any CPU
		{450692B6-0F39-4078-B2B9-298570B0EF9D}.Release|Any CPU.ActiveCfg = Release|Any CPU
		{450692B6-0F39-4078-B2B9-298570B0EF9D}.Release|Any CPU.Build.0 = Release|Any CPU
	EndGlobalSection
EndGlobal
